
Microsoft Visual Studio Solution File, Format Version 12.00
# Visual Studio Version 17
VisualStudioVersion = 17.5.33502.453
MinimumVisualStudioVersion = 10.0.40219.1
Project("{FAE04EC0-301F-11D3-BF4B-00C04F79EFBC}") = "tp4ejer5", "tp4ejer5\tp4ejer5.csproj", "{DCB13FD1-046E-495B-9887-8F973FBF735A}"
EndProject
Global
	GlobalSection(SolutionConfigurationPlatforms) = preSolution
		Debug|Any CPU = Debug|Any CPU
		Release|Any CPU = Release|Any CPU
	EndGlobalSection
	GlobalSection(ProjectConfigurationPlatforms) = postSolution
		{DCB13FD1-046E-495B-9887-8F973FBF735A}.Debug|Any CPU.ActiveCfg = Debug|Any CPU
		{DCB13FD1-046E-495B-9887-8F973FBF735A}.Debug|Any CPU.Build.0 = Debug|Any CPU
		{DCB13FD1-046E-495B-9887-8F973FBF735A}.Release|Any CPU.ActiveCfg = Release|Any CPU
		{DCB13FD1-046E-495B-9887-8F973FBF735A}.Release|Any CPU.Build.0 = Release|Any CPU
	EndGlobalSection
	GlobalSection(SolutionProperties) = preSolution
		HideSolutionNode = FALSE
	EndGlobalSection
	GlobalSection(ExtensibilityGlobals) = postSolution
		SolutionGuid = {963C7F51-989F-4490-8188-6470F8F6D193}
	EndGlobalSection
EndGlobal
