
Microsoft Visual Studio Solution File, Format Version 12.00
# Visual Studio Version 17
VisualStudioVersion = 17.5.33502.453
MinimumVisualStudioVersion = 10.0.40219.1
Project("{FAE04EC0-301F-11D3-BF4B-00C04F79EFBC}") = "tp4ejer1", "tp4ejer1\tp4ejer1.csproj", "{14E401DE-0A15-4884-BA80-EEA79E0E9782}"
EndProject
Global
	GlobalSection(SolutionConfigurationPlatforms) = preSolution
		Debug|Any CPU = Debug|Any CPU
		Release|Any CPU = Release|Any CPU
	EndGlobalSection
	GlobalSection(ProjectConfigurationPlatforms) = postSolution
		{14E401DE-0A15-4884-BA80-EEA79E0E9782}.Debug|Any CPU.ActiveCfg = Debug|Any CPU
		{14E401DE-0A15-4884-BA80-EEA79E0E9782}.Debug|Any CPU.Build.0 = Debug|Any CPU
		{14E401DE-0A15-4884-BA80-EEA79E0E9782}.Release|Any CPU.ActiveCfg = Release|Any CPU
		{14E401DE-0A15-4884-BA80-EEA79E0E9782}.Release|Any CPU.Build.0 = Release|Any CPU
	EndGlobalSection
	GlobalSection(SolutionProperties) = preSolution
		HideSolutionNode = FALSE
	EndGlobalSection
	GlobalSection(ExtensibilityGlobals) = postSolution
		SolutionGuid = {908A3620-8E9B-4E84-95DC-26A2D16E1F06}
	EndGlobalSection
EndGlobal
